
Microsoft Visual Studio Solution File, Format Version 12.00
# Visual Studio 15
VisualStudioVersion = 15.0.27130.2024
MinimumVisualStudioVersion = 10.0.40219.1
Project("{FAE04EC0-301F-11D3-BF4B-00C04F79EFBC}") = "ForemanMonitoring", "ForemanMonitoring\ForemanMonitoring.csproj", "{260B7FAB-CD75-43E1-8FB8-9ACB20C5F993}"
EndProject
Global
	GlobalSection(SolutionConfigurationPlatforms) = preSolution
		Debug|Any CPU = Debug|Any CPU
		Release|Any CPU = Release|Any CPU
	EndGlobalSection
	GlobalSection(ProjectConfigurationPlatforms) = postSolution
		{260B7FAB-CD75-43E1-8FB8-9ACB20C5F993}.Debug|Any CPU.ActiveCfg = Debug|Any CPU
		{260B7FAB-CD75-43E1-8FB8-9ACB20C5F993}.Debug|Any CPU.Build.0 = Debug|Any CPU
		{260B7FAB-CD75-43E1-8FB8-9ACB20C5F993}.Release|Any CPU.ActiveCfg = Release|Any CPU
		{260B7FAB-CD75-43E1-8FB8-9ACB20C5F993}.Release|Any CPU.Build.0 = Release|Any CPU
	EndGlobalSection
	GlobalSection(SolutionProperties) = preSolution
		HideSolutionNode = FALSE
	EndGlobalSection
	GlobalSection(ExtensibilityGlobals) = postSolution
		SolutionGuid = {C8D45298-EFCD-4356-889D-D7E3AC563A74}
	EndGlobalSection
EndGlobal
